
Microsoft Visual Studio Solution File, Format Version 12.00
# Visual Studio 15
VisualStudioVersion = 15.0.26730.16
MinimumVisualStudioVersion = 10.0.40219.1
Project("{FAE04EC0-301F-11D3-BF4B-00C04F79EFBC}") = "PlayProjects.UnitTests", "PlayProjects.UnitTests\PlayProjects.UnitTests.csproj", "{76A1A805-01F6-488C-9E33-9F61B1BA0D71}"
EndProject
Project("{FAE04EC0-301F-11D3-BF4B-00C04F79EFBC}") = "Sudoku Solver Example Unit Test", "Sudoku Solver Example Unit Test\Sudoku Solver Example Unit Test.csproj", "{2E5B704A-36F8-4B68-98EB-73AEAA5F5056}"
EndProject
Project("{FAE04EC0-301F-11D3-BF4B-00C04F79EFBC}") = "SudokuModel", "SudokuModel\SudokuModel.csproj", "{A229432D-26AD-469E-93F5-486DB1D90466}"
EndProject
Project("{FAE04EC0-301F-11D3-BF4B-00C04F79EFBC}") = "Common", "Common\Common.csproj", "{5E4D9F12-A069-4979-9EE1-944FF27C1BF0}"
EndProject
Project("{2150E333-8FDC-42A3-9474-1A3956D46DE8}") = "Sudoku", "Sudoku", "{31C3FF8D-4712-4958-9C07-9A2D457AFF7C}"
EndProject
Project("{2150E333-8FDC-42A3-9474-1A3956D46DE8}") = "HomeHarvest", "HomeHarvest", "{ABE842C2-FD7C-4487-BB8B-891F673669A6}"
EndProject
Project("{2150E333-8FDC-42A3-9474-1A3956D46DE8}") = "Frameworks", "Frameworks", "{079819BE-2F6F-47AE-8D51-E93DBCA9B888}"
EndProject
Project("{FAE04EC0-301F-11D3-BF4B-00C04F79EFBC}") = "CardGamesAPI", "CardGamesAPI\CardGamesAPI.csproj", "{F6B9BCA6-6E59-4FD9-A755-EE5A2978EDF5}"
EndProject
Project("{FAE04EC0-301F-11D3-BF4B-00C04F79EFBC}") = "HarvestHomeAPI", "HarvestAPI\HarvestHomeAPI.csproj", "{704F6F66-971D-41FB-AC5E-508BDD16BBC1}"
EndProject
Project("{FAE04EC0-301F-11D3-BF4B-00C04F79EFBC}") = "HarvestHomeApp", "HarvestBox\HarvestHomeApp.csproj", "{6F572520-7B7A-4926-8B47-2C27D153A3CD}"
EndProject
Project("{FAE04EC0-301F-11D3-BF4B-00C04F79EFBC}") = "ExamplePrismApplication", "ExamplePrismApplication\ExamplePrismApplication.csproj", "{A41B6DB8-D78A-4B19-9020-66959AF59339}"
EndProject
Project("{FAE04EC0-301F-11D3-BF4B-00C04F79EFBC}") = "YGOManager", "YGOManager\YGOManager.csproj", "{A0A9FBBD-9EAF-4D27-9095-0FCF2B0C3553}"
EndProject
Project("{FAE04EC0-301F-11D3-BF4B-00C04F79EFBC}") = "SimpleAdornedControlSample", "SimpleAdornedControlSample\SimpleAdornedControlSample.csproj", "{AC3644F8-C818-42BB-9A41-33CAEBB4DB29}"
EndProject
Project("{FAE04EC0-301F-11D3-BF4B-00C04F79EFBC}") = "AirsoftChrono", "AirsoftChrono\AirsoftChrono.csproj", "{7B91B7DA-AF05-4FB2-819E-56FAF45D8ACB}"
EndProject
Project("{2150E333-8FDC-42A3-9474-1A3956D46DE8}") = "Sample Programs", "Sample Programs", "{32124E0E-AFA2-49D2-8E3A-B9BCF02DC1F2}"
EndProject
Project("{FAE04EC0-301F-11D3-BF4B-00C04F79EFBC}") = "DataAccessLayers", "SqlEngine\DataAccessLayers.csproj", "{64D8361A-80BA-452E-8B0C-3DB0DB952F17}"
EndProject
Project("{FAE04EC0-301F-11D3-BF4B-00C04F79EFBC}") = "CardGamesAPITests1", "CardGamesAPITests1\CardGamesAPITests1.csproj", "{FAD2ED4F-9F0E-4A89-AAB2-01464C97B972}"
EndProject
Global
	GlobalSection(SolutionConfigurationPlatforms) = preSolution
		Ad-Hoc|Any CPU = Ad-Hoc|Any CPU
		Ad-Hoc|ARM = Ad-Hoc|ARM
		Ad-Hoc|iPhone = Ad-Hoc|iPhone
		Ad-Hoc|iPhoneSimulator = Ad-Hoc|iPhoneSimulator
		Ad-Hoc|x64 = Ad-Hoc|x64
		Ad-Hoc|x86 = Ad-Hoc|x86
		AppStore|Any CPU = AppStore|Any CPU
		AppStore|ARM = AppStore|ARM
		AppStore|iPhone = AppStore|iPhone
		AppStore|iPhoneSimulator = AppStore|iPhoneSimulator
		AppStore|x64 = AppStore|x64
		AppStore|x86 = AppStore|x86
		Debug|Any CPU = Debug|Any CPU
		Debug|ARM = Debug|ARM
		Debug|iPhone = Debug|iPhone
		Debug|iPhoneSimulator = Debug|iPhoneSimulator
		Debug|x64 = Debug|x64
		Debug|x86 = Debug|x86
		Release|Any CPU = Release|Any CPU
		Release|ARM = Release|ARM
		Release|iPhone = Release|iPhone
		Release|iPhoneSimulator = Release|iPhoneSimulator
		Release|x64 = Release|x64
		Release|x86 = Release|x86
	EndGlobalSection
	GlobalSection(ProjectConfigurationPlatforms) = postSolution
		{76A1A805-01F6-488C-9E33-9F61B1BA0D71}.Ad-Hoc|Any CPU.ActiveCfg = Release|Any CPU
		{76A1A805-01F6-488C-9E33-9F61B1BA0D71}.Ad-Hoc|Any CPU.Build.0 = Release|Any CPU
		{76A1A805-01F6-488C-9E33-9F61B1BA0D71}.Ad-Hoc|ARM.ActiveCfg = Release|Any CPU
		{76A1A805-01F6-488C-9E33-9F61B1BA0D71}.Ad-Hoc|ARM.Build.0 = Release|Any CPU
		{76A1A805-01F6-488C-9E33-9F61B1BA0D71}.Ad-Hoc|iPhone.ActiveCfg = Release|Any CPU
		{76A1A805-01F6-488C-9E33-9F61B1BA0D71}.Ad-Hoc|iPhone.Build.0 = Release|Any CPU
		{76A1A805-01F6-488C-9E33-9F61B1BA0D71}.Ad-Hoc|iPhoneSimulator.ActiveCfg = Release|Any CPU
		{76A1A805-01F6-488C-9E33-9F61B1BA0D71}.Ad-Hoc|iPhoneSimulator.Build.0 = Release|Any CPU
		{76A1A805-01F6-488C-9E33-9F61B1BA0D71}.Ad-Hoc|x64.ActiveCfg = Release|Any CPU
		{76A1A805-01F6-488C-9E33-9F61B1BA0D71}.Ad-Hoc|x64.Build.0 = Release|Any CPU
		{76A1A805-01F6-488C-9E33-9F61B1BA0D71}.Ad-Hoc|x86.ActiveCfg = Release|Any CPU
		{76A1A805-01F6-488C-9E33-9F61B1BA0D71}.Ad-Hoc|x86.Build.0 = Release|Any CPU
		{76A1A805-01F6-488C-9E33-9F61B1BA0D71}.AppStore|Any CPU.ActiveCfg = Release|Any CPU
		{76A1A805-01F6-488C-9E33-9F61B1BA0D71}.AppStore|Any CPU.Build.0 = Release|Any CPU
		{76A1A805-01F6-488C-9E33-9F61B1BA0D71}.AppStore|ARM.ActiveCfg = Release|Any CPU
		{76A1A805-01F6-488C-9E33-9F61B1BA0D71}.AppStore|ARM.Build.0 = Release|Any CPU
		{76A1A805-01F6-488C-9E33-9F61B1BA0D71}.AppStore|iPhone.ActiveCfg = Release|Any CPU
		{76A1A805-01F6-488C-9E33-9F61B1BA0D71}.AppStore|iPhone.Build.0 = Release|Any CPU
		{76A1A805-01F6-488C-9E33-9F61B1BA0D71}.AppStore|iPhoneSimulator.ActiveCfg = Release|Any CPU
		{76A1A805-01F6-488C-9E33-9F61B1BA0D71}.AppStore|iPhoneSimulator.Build.0 = Release|Any CPU
		{76A1A805-01F6-488C-9E33-9F61B1BA0D71}.AppStore|x64.ActiveCfg = Release|Any CPU
		{76A1A805-01F6-488C-9E33-9F61B1BA0D71}.AppStore|x64.Build.0 = Release|Any CPU
		{76A1A805-01F6-488C-9E33-9F61B1BA0D71}.AppStore|x86.ActiveCfg = Release|Any CPU
		{76A1A805-01F6-488C-9E33-9F61B1BA0D71}.AppStore|x86.Build.0 = Release|Any CPU
		{76A1A805-01F6-488C-9E33-9F61B1BA0D71}.Debug|Any CPU.ActiveCfg = Debug|Any CPU
		{76A1A805-01F6-488C-9E33-9F61B1BA0D71}.Debug|Any CPU.Build.0 = Debug|Any CPU
		{76A1A805-01F6-488C-9E33-9F61B1BA0D71}.Debug|ARM.ActiveCfg = Debug|Any CPU
		{76A1A805-01F6-488C-9E33-9F61B1BA0D71}.Debug|ARM.Build.0 = Debug|Any CPU
		{76A1A805-01F6-488C-9E33-9F61B1BA0D71}.Debug|iPhone.ActiveCfg = Debug|Any CPU
		{76A1A805-01F6-488C-9E33-9F61B1BA0D71}.Debug|iPhone.Build.0 = Debug|Any CPU
		{76A1A805-01F6-488C-9E33-9F61B1BA0D71}.Debug|iPhoneSimulator.ActiveCfg = Debug|Any CPU
		{76A1A805-01F6-488C-9E33-9F61B1BA0D71}.Debug|iPhoneSimulator.Build.0 = Debug|Any CPU
		{76A1A805-01F6-488C-9E33-9F61B1BA0D71}.Debug|x64.ActiveCfg = Debug|Any CPU
		{76A1A805-01F6-488C-9E33-9F61B1BA0D71}.Debug|x64.Build.0 = Debug|Any CPU
		{76A1A805-01F6-488C-9E33-9F61B1BA0D71}.Debug|x86.ActiveCfg = Debug|Any CPU
		{76A1A805-01F6-488C-9E33-9F61B1BA0D71}.Debug|x86.Build.0 = Debug|Any CPU
		{76A1A805-01F6-488C-9E33-9F61B1BA0D71}.Release|Any CPU.ActiveCfg = Release|Any CPU
		{76A1A805-01F6-488C-9E33-9F61B1BA0D71}.Release|Any CPU.Build.0 = Release|Any CPU
		{76A1A805-01F6-488C-9E33-9F61B1BA0D71}.Release|ARM.ActiveCfg = Release|Any CPU
		{76A1A805-01F6-488C-9E33-9F61B1BA0D71}.Release|ARM.Build.0 = Release|Any CPU
		{76A1A805-01F6-488C-9E33-9F61B1BA0D71}.Release|iPhone.ActiveCfg = Release|Any CPU
		{76A1A805-01F6-488C-9E33-9F61B1BA0D71}.Release|iPhone.Build.0 = Release|Any CPU
		{76A1A805-01F6-488C-9E33-9F61B1BA0D71}.Release|iPhoneSimulator.ActiveCfg = Release|Any CPU
		{76A1A805-01F6-488C-9E33-9F61B1BA0D71}.Release|iPhoneSimulator.Build.0 = Release|Any CPU
		{76A1A805-01F6-488C-9E33-9F61B1BA0D71}.Release|x64.ActiveCfg = Release|Any CPU
		{76A1A805-01F6-488C-9E33-9F61B1BA0D71}.Release|x64.Build.0 = Release|Any CPU
		{76A1A805-01F6-488C-9E33-9F61B1BA0D71}.Release|x86.ActiveCfg = Release|Any CPU
		{76A1A805-01F6-488C-9E33-9F61B1BA0D71}.Release|x86.Build.0 = Release|Any CPU
		{2E5B704A-36F8-4B68-98EB-73AEAA5F5056}.Ad-Hoc|Any CPU.ActiveCfg = Release|Any CPU
		{2E5B704A-36F8-4B68-98EB-73AEAA5F5056}.Ad-Hoc|Any CPU.Build.0 = Release|Any CPU
		{2E5B704A-36F8-4B68-98EB-73AEAA5F5056}.Ad-Hoc|ARM.ActiveCfg = Release|Any CPU
		{2E5B704A-36F8-4B68-98EB-73AEAA5F5056}.Ad-Hoc|ARM.Build.0 = Release|Any CPU
		{2E5B704A-36F8-4B68-98EB-73AEAA5F5056}.Ad-Hoc|iPhone.ActiveCfg = Release|Any CPU
		{2E5B704A-36F8-4B68-98EB-73AEAA5F5056}.Ad-Hoc|iPhone.Build.0 = Release|Any CPU
		{2E5B704A-36F8-4B68-98EB-73AEAA5F5056}.Ad-Hoc|iPhoneSimulator.ActiveCfg = Release|Any CPU
		{2E5B704A-36F8-4B68-98EB-73AEAA5F5056}.Ad-Hoc|iPhoneSimulator.Build.0 = Release|Any CPU
		{2E5B704A-36F8-4B68-98EB-73AEAA5F5056}.Ad-Hoc|x64.ActiveCfg = Release|Any CPU
		{2E5B704A-36F8-4B68-98EB-73AEAA5F5056}.Ad-Hoc|x64.Build.0 = Release|Any CPU
		{2E5B704A-36F8-4B68-98EB-73AEAA5F5056}.Ad-Hoc|x86.ActiveCfg = Release|Any CPU
		{2E5B704A-36F8-4B68-98EB-73AEAA5F5056}.Ad-Hoc|x86.Build.0 = Release|Any CPU
		{2E5B704A-36F8-4B68-98EB-73AEAA5F5056}.AppStore|Any CPU.ActiveCfg = Release|Any CPU
		{2E5B704A-36F8-4B68-98EB-73AEAA5F5056}.AppStore|Any CPU.Build.0 = Release|Any CPU
		{2E5B704A-36F8-4B68-98EB-73AEAA5F5056}.AppStore|ARM.ActiveCfg = Release|Any CPU
		{2E5B704A-36F8-4B68-98EB-73AEAA5F5056}.AppStore|ARM.Build.0 = Release|Any CPU
		{2E5B704A-36F8-4B68-98EB-73AEAA5F5056}.AppStore|iPhone.ActiveCfg = Release|Any CPU
		{2E5B704A-36F8-4B68-98EB-73AEAA5F5056}.AppStore|iPhone.Build.0 = Release|Any CPU
		{2E5B704A-36F8-4B68-98EB-73AEAA5F5056}.AppStore|iPhoneSimulator.ActiveCfg = Release|Any CPU
		{2E5B704A-36F8-4B68-98EB-73AEAA5F5056}.AppStore|iPhoneSimulator.Build.0 = Release|Any CPU
		{2E5B704A-36F8-4B68-98EB-73AEAA5F5056}.AppStore|x64.ActiveCfg = Release|Any CPU
		{2E5B704A-36F8-4B68-98EB-73AEAA5F5056}.AppStore|x64.Build.0 = Release|Any CPU
		{2E5B704A-36F8-4B68-98EB-73AEAA5F5056}.AppStore|x86.ActiveCfg = Release|Any CPU
		{2E5B704A-36F8-4B68-98EB-73AEAA5F5056}.AppStore|x86.Build.0 = Release|Any CPU
		{2E5B704A-36F8-4B68-98EB-73AEAA5F5056}.Debug|Any CPU.ActiveCfg = Debug|Any CPU
		{2E5B704A-36F8-4B68-98EB-73AEAA5F5056}.Debug|Any CPU.Build.0 = Debug|Any CPU
		{2E5B704A-36F8-4B68-98EB-73AEAA5F5056}.Debug|ARM.ActiveCfg = Debug|Any CPU
		{2E5B704A-36F8-4B68-98EB-73AEAA5F5056}.Debug|ARM.Build.0 = Debug|Any CPU
		{2E5B704A-36F8-4B68-98EB-73AEAA5F5056}.Debug|iPhone.ActiveCfg = Debug|Any CPU
		{2E5B704A-36F8-4B68-98EB-73AEAA5F5056}.Debug|iPhone.Build.0 = Debug|Any CPU
		{2E5B704A-36F8-4B68-98EB-73AEAA5F5056}.Debug|iPhoneSimulator.ActiveCfg = Debug|Any CPU
		{2E5B704A-36F8-4B68-98EB-73AEAA5F5056}.Debug|iPhoneSimulator.Build.0 = Debug|Any CPU
		{2E5B704A-36F8-4B68-98EB-73AEAA5F5056}.Debug|x64.ActiveCfg = Debug|Any CPU
		{2E5B704A-36F8-4B68-98EB-73AEAA5F5056}.Debug|x64.Build.0 = Debug|Any CPU
		{2E5B704A-36F8-4B68-98EB-73AEAA5F5056}.Debug|x86.ActiveCfg = Debug|Any CPU
		{2E5B704A-36F8-4B68-98EB-73AEAA5F5056}.Debug|x86.Build.0 = Debug|Any CPU
		{2E5B704A-36F8-4B68-98EB-73AEAA5F5056}.Release|Any CPU.ActiveCfg = Release|Any CPU
		{2E5B704A-36F8-4B68-98EB-73AEAA5F5056}.Release|Any CPU.Build.0 = Release|Any CPU
		{2E5B704A-36F8-4B68-98EB-73AEAA5F5056}.Release|ARM.ActiveCfg = Release|Any CPU
		{2E5B704A-36F8-4B68-98EB-73AEAA5F5056}.Release|ARM.Build.0 = Release|Any CPU
		{2E5B704A-36F8-4B68-98EB-73AEAA5F5056}.Release|iPhone.ActiveCfg = Release|Any CPU
		{2E5B704A-36F8-4B68-98EB-73AEAA5F5056}.Release|iPhone.Build.0 = Release|Any CPU
		{2E5B704A-36F8-4B68-98EB-73AEAA5F5056}.Release|iPhoneSimulator.ActiveCfg = Release|Any CPU
		{2E5B704A-36F8-4B68-98EB-73AEAA5F5056}.Release|iPhoneSimulator.Build.0 = Release|Any CPU
		{2E5B704A-36F8-4B68-98EB-73AEAA5F5056}.Release|x64.ActiveCfg = Release|Any CPU
		{2E5B704A-36F8-4B68-98EB-73AEAA5F5056}.Release|x64.Build.0 = Release|Any CPU
		{2E5B704A-36F8-4B68-98EB-73AEAA5F5056}.Release|x86.ActiveCfg = Release|Any CPU
		{2E5B704A-36F8-4B68-98EB-73AEAA5F5056}.Release|x86.Build.0 = Release|Any CPU
		{A229432D-26AD-469E-93F5-486DB1D90466}.Ad-Hoc|Any CPU.ActiveCfg = Release|Any CPU
		{A229432D-26AD-469E-93F5-486DB1D90466}.Ad-Hoc|Any CPU.Build.0 = Release|Any CPU
		{A229432D-26AD-469E-93F5-486DB1D90466}.Ad-Hoc|ARM.ActiveCfg = Release|Any CPU
		{A229432D-26AD-469E-93F5-486DB1D90466}.Ad-Hoc|ARM.Build.0 = Release|Any CPU
		{A229432D-26AD-469E-93F5-486DB1D90466}.Ad-Hoc|iPhone.ActiveCfg = Release|Any CPU
		{A229432D-26AD-469E-93F5-486DB1D90466}.Ad-Hoc|iPhone.Build.0 = Release|Any CPU
		{A229432D-26AD-469E-93F5-486DB1D90466}.Ad-Hoc|iPhoneSimulator.ActiveCfg = Release|Any CPU
		{A229432D-26AD-469E-93F5-486DB1D90466}.Ad-Hoc|iPhoneSimulator.Build.0 = Release|Any CPU
		{A229432D-26AD-469E-93F5-486DB1D90466}.Ad-Hoc|x64.ActiveCfg = Release|Any CPU
		{A229432D-26AD-469E-93F5-486DB1D90466}.Ad-Hoc|x64.Build.0 = Release|Any CPU
		{A229432D-26AD-469E-93F5-486DB1D90466}.Ad-Hoc|x86.ActiveCfg = Release|Any CPU
		{A229432D-26AD-469E-93F5-486DB1D90466}.Ad-Hoc|x86.Build.0 = Release|Any CPU
		{A229432D-26AD-469E-93F5-486DB1D90466}.AppStore|Any CPU.ActiveCfg = Release|Any CPU
		{A229432D-26AD-469E-93F5-486DB1D90466}.AppStore|Any CPU.Build.0 = Release|Any CPU
		{A229432D-26AD-469E-93F5-486DB1D90466}.AppStore|ARM.ActiveCfg = Release|Any CPU
		{A229432D-26AD-469E-93F5-486DB1D90466}.AppStore|ARM.Build.0 = Release|Any CPU
		{A229432D-26AD-469E-93F5-486DB1D90466}.AppStore|iPhone.ActiveCfg = Release|Any CPU
		{A229432D-26AD-469E-93F5-486DB1D90466}.AppStore|iPhone.Build.0 = Release|Any CPU
		{A229432D-26AD-469E-93F5-486DB1D90466}.AppStore|iPhoneSimulator.ActiveCfg = Release|Any CPU
		{A229432D-26AD-469E-93F5-486DB1D90466}.AppStore|iPhoneSimulator.Build.0 = Release|Any CPU
		{A229432D-26AD-469E-93F5-486DB1D90466}.AppStore|x64.ActiveCfg = Release|Any CPU
		{A229432D-26AD-469E-93F5-486DB1D90466}.AppStore|x64.Build.0 = Release|Any CPU
		{A229432D-26AD-469E-93F5-486DB1D90466}.AppStore|x86.ActiveCfg = Release|Any CPU
		{A229432D-26AD-469E-93F5-486DB1D90466}.AppStore|x86.Build.0 = Release|Any CPU
		{A229432D-26AD-469E-93F5-486DB1D90466}.Debug|Any CPU.ActiveCfg = Debug|Any CPU
		{A229432D-26AD-469E-93F5-486DB1D90466}.Debug|Any CPU.Build.0 = Debug|Any CPU
		{A229432D-26AD-469E-93F5-486DB1D90466}.Debug|ARM.ActiveCfg = Debug|Any CPU
		{A229432D-26AD-469E-93F5-486DB1D90466}.Debug|ARM.Build.0 = Debug|Any CPU
		{A229432D-26AD-469E-93F5-486DB1D90466}.Debug|iPhone.ActiveCfg = Debug|Any CPU
		{A229432D-26AD-469E-93F5-486DB1D90466}.Debug|iPhone.Build.0 = Debug|Any CPU
		{A229432D-26AD-469E-93F5-486DB1D90466}.Debug|iPhoneSimulator.ActiveCfg = Debug|Any CPU
		{A229432D-26AD-469E-93F5-486DB1D90466}.Debug|iPhoneSimulator.Build.0 = Debug|Any CPU
		{A229432D-26AD-469E-93F5-486DB1D90466}.Debug|x64.ActiveCfg = Debug|Any CPU
		{A229432D-26AD-469E-93F5-486DB1D90466}.Debug|x64.Build.0 = Debug|Any CPU
		{A229432D-26AD-469E-93F5-486DB1D90466}.Debug|x86.ActiveCfg = Debug|Any CPU
		{A229432D-26AD-469E-93F5-486DB1D90466}.Debug|x86.Build.0 = Debug|Any CPU
		{A229432D-26AD-469E-93F5-486DB1D90466}.Release|Any CPU.ActiveCfg = Release|Any CPU
		{A229432D-26AD-469E-93F5-486DB1D90466}.Release|Any CPU.Build.0 = Release|Any CPU
		{A229432D-26AD-469E-93F5-486DB1D90466}.Release|ARM.ActiveCfg = Release|Any CPU
		{A229432D-26AD-469E-93F5-486DB1D90466}.Release|ARM.Build.0 = Release|Any CPU
		{A229432D-26AD-469E-93F5-486DB1D90466}.Release|iPhone.ActiveCfg = Release|Any CPU
		{A229432D-26AD-469E-93F5-486DB1D90466}.Release|iPhone.Build.0 = Release|Any CPU
		{A229432D-26AD-469E-93F5-486DB1D90466}.Release|iPhoneSimulator.ActiveCfg = Release|Any CPU
		{A229432D-26AD-469E-93F5-486DB1D90466}.Release|iPhoneSimulator.Build.0 = Release|Any CPU
		{A229432D-26AD-469E-93F5-486DB1D90466}.Release|x64.ActiveCfg = Release|Any CPU
		{A229432D-26AD-469E-93F5-486DB1D90466}.Release|x64.Build.0 = Release|Any CPU
		{A229432D-26AD-469E-93F5-486DB1D90466}.Release|x86.ActiveCfg = Release|Any CPU
		{A229432D-26AD-469E-93F5-486DB1D90466}.Release|x86.Build.0 = Release|Any CPU
		{5E4D9F12-A069-4979-9EE1-944FF27C1BF0}.Ad-Hoc|Any CPU.ActiveCfg = Release|Any CPU
		{5E4D9F12-A069-4979-9EE1-944FF27C1BF0}.Ad-Hoc|Any CPU.Build.0 = Release|Any CPU
		{5E4D9F12-A069-4979-9EE1-944FF27C1BF0}.Ad-Hoc|ARM.ActiveCfg = Release|Any CPU
		{5E4D9F12-A069-4979-9EE1-944FF27C1BF0}.Ad-Hoc|ARM.Build.0 = Release|Any CPU
		{5E4D9F12-A069-4979-9EE1-944FF27C1BF0}.Ad-Hoc|iPhone.ActiveCfg = Release|Any CPU
		{5E4D9F12-A069-4979-9EE1-944FF27C1BF0}.Ad-Hoc|iPhone.Build.0 = Release|Any CPU
		{5E4D9F12-A069-4979-9EE1-944FF27C1BF0}.Ad-Hoc|iPhoneSimulator.ActiveCfg = Release|Any CPU
		{5E4D9F12-A069-4979-9EE1-944FF27C1BF0}.Ad-Hoc|iPhoneSimulator.Build.0 = Release|Any CPU
		{5E4D9F12-A069-4979-9EE1-944FF27C1BF0}.Ad-Hoc|x64.ActiveCfg = Release|Any CPU
		{5E4D9F12-A069-4979-9EE1-944FF27C1BF0}.Ad-Hoc|x64.Build.0 = Release|Any CPU
		{5E4D9F12-A069-4979-9EE1-944FF27C1BF0}.Ad-Hoc|x86.ActiveCfg = Release|Any CPU
		{5E4D9F12-A069-4979-9EE1-944FF27C1BF0}.Ad-Hoc|x86.Build.0 = Release|Any CPU
		{5E4D9F12-A069-4979-9EE1-944FF27C1BF0}.AppStore|Any CPU.ActiveCfg = Release|Any CPU
		{5E4D9F12-A069-4979-9EE1-944FF27C1BF0}.AppStore|Any CPU.Build.0 = Release|Any CPU
		{5E4D9F12-A069-4979-9EE1-944FF27C1BF0}.AppStore|ARM.ActiveCfg = Release|Any CPU
		{5E4D9F12-A069-4979-9EE1-944FF27C1BF0}.AppStore|ARM.Build.0 = Release|Any CPU
		{5E4D9F12-A069-4979-9EE1-944FF27C1BF0}.AppStore|iPhone.ActiveCfg = Release|Any CPU
		{5E4D9F12-A069-4979-9EE1-944FF27C1BF0}.AppStore|iPhone.Build.0 = Release|Any CPU
		{5E4D9F12-A069-4979-9EE1-944FF27C1BF0}.AppStore|iPhoneSimulator.ActiveCfg = Release|Any CPU
		{5E4D9F12-A069-4979-9EE1-944FF27C1BF0}.AppStore|iPhoneSimulator.Build.0 = Release|Any CPU
		{5E4D9F12-A069-4979-9EE1-944FF27C1BF0}.AppStore|x64.ActiveCfg = Release|Any CPU
		{5E4D9F12-A069-4979-9EE1-944FF27C1BF0}.AppStore|x64.Build.0 = Release|Any CPU
		{5E4D9F12-A069-4979-9EE1-944FF27C1BF0}.AppStore|x86.ActiveCfg = Release|Any CPU
		{5E4D9F12-A069-4979-9EE1-944FF27C1BF0}.AppStore|x86.Build.0 = Release|Any CPU
		{5E4D9F12-A069-4979-9EE1-944FF27C1BF0}.Debug|Any CPU.ActiveCfg = Debug|Any CPU
		{5E4D9F12-A069-4979-9EE1-944FF27C1BF0}.Debug|Any CPU.Build.0 = Debug|Any CPU
		{5E4D9F12-A069-4979-9EE1-944FF27C1BF0}.Debug|ARM.ActiveCfg = Debug|Any CPU
		{5E4D9F12-A069-4979-9EE1-944FF27C1BF0}.Debug|ARM.Build.0 = Debug|Any CPU
		{5E4D9F12-A069-4979-9EE1-944FF27C1BF0}.Debug|iPhone.ActiveCfg = Debug|Any CPU
		{5E4D9F12-A069-4979-9EE1-944FF27C1BF0}.Debug|iPhone.Build.0 = Debug|Any CPU
		{5E4D9F12-A069-4979-9EE1-944FF27C1BF0}.Debug|iPhoneSimulator.ActiveCfg = Debug|Any CPU
		{5E4D9F12-A069-4979-9EE1-944FF27C1BF0}.Debug|iPhoneSimulator.Build.0 = Debug|Any CPU
		{5E4D9F12-A069-4979-9EE1-944FF27C1BF0}.Debug|x64.ActiveCfg = Debug|Any CPU
		{5E4D9F12-A069-4979-9EE1-944FF27C1BF0}.Debug|x64.Build.0 = Debug|Any CPU
		{5E4D9F12-A069-4979-9EE1-944FF27C1BF0}.Debug|x86.ActiveCfg = Debug|Any CPU
		{5E4D9F12-A069-4979-9EE1-944FF27C1BF0}.Debug|x86.Build.0 = Debug|Any CPU
		{5E4D9F12-A069-4979-9EE1-944FF27C1BF0}.Release|Any CPU.ActiveCfg = Release|Any CPU
		{5E4D9F12-A069-4979-9EE1-944FF27C1BF0}.Release|Any CPU.Build.0 = Release|Any CPU
		{5E4D9F12-A069-4979-9EE1-944FF27C1BF0}.Release|ARM.ActiveCfg = Release|Any CPU
		{5E4D9F12-A069-4979-9EE1-944FF27C1BF0}.Release|ARM.Build.0 = Release|Any CPU
		{5E4D9F12-A069-4979-9EE1-944FF27C1BF0}.Release|iPhone.ActiveCfg = Release|Any CPU
		{5E4D9F12-A069-4979-9EE1-944FF27C1BF0}.Release|iPhone.Build.0 = Release|Any CPU
		{5E4D9F12-A069-4979-9EE1-944FF27C1BF0}.Release|iPhoneSimulator.ActiveCfg = Release|Any CPU
		{5E4D9F12-A069-4979-9EE1-944FF27C1BF0}.Release|iPhoneSimulator.Build.0 = Release|Any CPU
		{5E4D9F12-A069-4979-9EE1-944FF27C1BF0}.Release|x64.ActiveCfg = Release|Any CPU
		{5E4D9F12-A069-4979-9EE1-944FF27C1BF0}.Release|x64.Build.0 = Release|Any CPU
		{5E4D9F12-A069-4979-9EE1-944FF27C1BF0}.Release|x86.ActiveCfg = Release|Any CPU
		{5E4D9F12-A069-4979-9EE1-944FF27C1BF0}.Release|x86.Build.0 = Release|Any CPU
		{F6B9BCA6-6E59-4FD9-A755-EE5A2978EDF5}.Ad-Hoc|Any CPU.ActiveCfg = Release|Any CPU
		{F6B9BCA6-6E59-4FD9-A755-EE5A2978EDF5}.Ad-Hoc|Any CPU.Build.0 = Release|Any CPU
		{F6B9BCA6-6E59-4FD9-A755-EE5A2978EDF5}.Ad-Hoc|ARM.ActiveCfg = Release|Any CPU
		{F6B9BCA6-6E59-4FD9-A755-EE5A2978EDF5}.Ad-Hoc|ARM.Build.0 = Release|Any CPU
		{F6B9BCA6-6E59-4FD9-A755-EE5A2978EDF5}.Ad-Hoc|iPhone.ActiveCfg = Release|Any CPU
		{F6B9BCA6-6E59-4FD9-A755-EE5A2978EDF5}.Ad-Hoc|iPhone.Build.0 = Release|Any CPU
		{F6B9BCA6-6E59-4FD9-A755-EE5A2978EDF5}.Ad-Hoc|iPhoneSimulator.ActiveCfg = Release|Any CPU
		{F6B9BCA6-6E59-4FD9-A755-EE5A2978EDF5}.Ad-Hoc|iPhoneSimulator.Build.0 = Release|Any CPU
		{F6B9BCA6-6E59-4FD9-A755-EE5A2978EDF5}.Ad-Hoc|x64.ActiveCfg = Release|Any CPU
		{F6B9BCA6-6E59-4FD9-A755-EE5A2978EDF5}.Ad-Hoc|x64.Build.0 = Release|Any CPU
		{F6B9BCA6-6E59-4FD9-A755-EE5A2978EDF5}.Ad-Hoc|x86.ActiveCfg = Release|Any CPU
		{F6B9BCA6-6E59-4FD9-A755-EE5A2978EDF5}.Ad-Hoc|x86.Build.0 = Release|Any CPU
		{F6B9BCA6-6E59-4FD9-A755-EE5A2978EDF5}.AppStore|Any CPU.ActiveCfg = Release|Any CPU
		{F6B9BCA6-6E59-4FD9-A755-EE5A2978EDF5}.AppStore|Any CPU.Build.0 = Release|Any CPU
		{F6B9BCA6-6E59-4FD9-A755-EE5A2978EDF5}.AppStore|ARM.ActiveCfg = Release|Any CPU
		{F6B9BCA6-6E59-4FD9-A755-EE5A2978EDF5}.AppStore|ARM.Build.0 = Release|Any CPU
		{F6B9BCA6-6E59-4FD9-A755-EE5A2978EDF5}.AppStore|iPhone.ActiveCfg = Release|Any CPU
		{F6B9BCA6-6E59-4FD9-A755-EE5A2978EDF5}.AppStore|iPhone.Build.0 = Release|Any CPU
		{F6B9BCA6-6E59-4FD9-A755-EE5A2978EDF5}.AppStore|iPhoneSimulator.ActiveCfg = Release|Any CPU
		{F6B9BCA6-6E59-4FD9-A755-EE5A2978EDF5}.AppStore|iPhoneSimulator.Build.0 = Release|Any CPU
		{F6B9BCA6-6E59-4FD9-A755-EE5A2978EDF5}.AppStore|x64.ActiveCfg = Release|Any CPU
		{F6B9BCA6-6E59-4FD9-A755-EE5A2978EDF5}.AppStore|x64.Build.0 = Release|Any CPU
		{F6B9BCA6-6E59-4FD9-A755-EE5A2978EDF5}.AppStore|x86.ActiveCfg = Release|Any CPU
		{F6B9BCA6-6E59-4FD9-A755-EE5A2978EDF5}.AppStore|x86.Build.0 = Release|Any CPU
		{F6B9BCA6-6E59-4FD9-A755-EE5A2978EDF5}.Debug|Any CPU.ActiveCfg = Debug|Any CPU
		{F6B9BCA6-6E59-4FD9-A755-EE5A2978EDF5}.Debug|Any CPU.Build.0 = Debug|Any CPU
		{F6B9BCA6-6E59-4FD9-A755-EE5A2978EDF5}.Debug|ARM.ActiveCfg = Debug|Any CPU
		{F6B9BCA6-6E59-4FD9-A755-EE5A2978EDF5}.Debug|ARM.Build.0 = Debug|Any CPU
		{F6B9BCA6-6E59-4FD9-A755-EE5A2978EDF5}.Debug|iPhone.ActiveCfg = Debug|Any CPU
		{F6B9BCA6-6E59-4FD9-A755-EE5A2978EDF5}.Debug|iPhone.Build.0 = Debug|Any CPU
		{F6B9BCA6-6E59-4FD9-A755-EE5A2978EDF5}.Debug|iPhoneSimulator.ActiveCfg = Debug|Any CPU
		{F6B9BCA6-6E59-4FD9-A755-EE5A2978EDF5}.Debug|iPhoneSimulator.Build.0 = Debug|Any CPU
		{F6B9BCA6-6E59-4FD9-A755-EE5A2978EDF5}.Debug|x64.ActiveCfg = Debug|Any CPU
		{F6B9BCA6-6E59-4FD9-A755-EE5A2978EDF5}.Debug|x64.Build.0 = Debug|Any CPU
		{F6B9BCA6-6E59-4FD9-A755-EE5A2978EDF5}.Debug|x86.ActiveCfg = Debug|Any CPU
		{F6B9BCA6-6E59-4FD9-A755-EE5A2978EDF5}.Debug|x86.Build.0 = Debug|Any CPU
		{F6B9BCA6-6E59-4FD9-A755-EE5A2978EDF5}.Release|Any CPU.ActiveCfg = Release|Any CPU
		{F6B9BCA6-6E59-4FD9-A755-EE5A2978EDF5}.Release|Any CPU.Build.0 = Release|Any CPU
		{F6B9BCA6-6E59-4FD9-A755-EE5A2978EDF5}.Release|ARM.ActiveCfg = Release|Any CPU
		{F6B9BCA6-6E59-4FD9-A755-EE5A2978EDF5}.Release|ARM.Build.0 = Release|Any CPU
		{F6B9BCA6-6E59-4FD9-A755-EE5A2978EDF5}.Release|iPhone.ActiveCfg = Release|Any CPU
		{F6B9BCA6-6E59-4FD9-A755-EE5A2978EDF5}.Release|iPhone.Build.0 = Release|Any CPU
		{F6B9BCA6-6E59-4FD9-A755-EE5A2978EDF5}.Release|iPhoneSimulator.ActiveCfg = Release|Any CPU
		{F6B9BCA6-6E59-4FD9-A755-EE5A2978EDF5}.Release|iPhoneSimulator.Build.0 = Release|Any CPU
		{F6B9BCA6-6E59-4FD9-A755-EE5A2978EDF5}.Release|x64.ActiveCfg = Release|Any CPU
		{F6B9BCA6-6E59-4FD9-A755-EE5A2978EDF5}.Release|x64.Build.0 = Release|Any CPU
		{F6B9BCA6-6E59-4FD9-A755-EE5A2978EDF5}.Release|x86.ActiveCfg = Release|Any CPU
		{F6B9BCA6-6E59-4FD9-A755-EE5A2978EDF5}.Release|x86.Build.0 = Release|Any CPU
		{704F6F66-971D-41FB-AC5E-508BDD16BBC1}.Ad-Hoc|Any CPU.ActiveCfg = Release|Any CPU
		{704F6F66-971D-41FB-AC5E-508BDD16BBC1}.Ad-Hoc|Any CPU.Build.0 = Release|Any CPU
		{704F6F66-971D-41FB-AC5E-508BDD16BBC1}.Ad-Hoc|ARM.ActiveCfg = Release|Any CPU
		{704F6F66-971D-41FB-AC5E-508BDD16BBC1}.Ad-Hoc|ARM.Build.0 = Release|Any CPU
		{704F6F66-971D-41FB-AC5E-508BDD16BBC1}.Ad-Hoc|iPhone.ActiveCfg = Release|Any CPU
		{704F6F66-971D-41FB-AC5E-508BDD16BBC1}.Ad-Hoc|iPhone.Build.0 = Release|Any CPU
		{704F6F66-971D-41FB-AC5E-508BDD16BBC1}.Ad-Hoc|iPhoneSimulator.ActiveCfg = Release|Any CPU
		{704F6F66-971D-41FB-AC5E-508BDD16BBC1}.Ad-Hoc|iPhoneSimulator.Build.0 = Release|Any CPU
		{704F6F66-971D-41FB-AC5E-508BDD16BBC1}.Ad-Hoc|x64.ActiveCfg = Release|Any CPU
		{704F6F66-971D-41FB-AC5E-508BDD16BBC1}.Ad-Hoc|x64.Build.0 = Release|Any CPU
		{704F6F66-971D-41FB-AC5E-508BDD16BBC1}.Ad-Hoc|x86.ActiveCfg = Release|Any CPU
		{704F6F66-971D-41FB-AC5E-508BDD16BBC1}.Ad-Hoc|x86.Build.0 = Release|Any CPU
		{704F6F66-971D-41FB-AC5E-508BDD16BBC1}.AppStore|Any CPU.ActiveCfg = Release|Any CPU
		{704F6F66-971D-41FB-AC5E-508BDD16BBC1}.AppStore|Any CPU.Build.0 = Release|Any CPU
		{704F6F66-971D-41FB-AC5E-508BDD16BBC1}.AppStore|ARM.ActiveCfg = Release|Any CPU
		{704F6F66-971D-41FB-AC5E-508BDD16BBC1}.AppStore|ARM.Build.0 = Release|Any CPU
		{704F6F66-971D-41FB-AC5E-508BDD16BBC1}.AppStore|iPhone.ActiveCfg = Release|Any CPU
		{704F6F66-971D-41FB-AC5E-508BDD16BBC1}.AppStore|iPhone.Build.0 = Release|Any CPU
		{704F6F66-971D-41FB-AC5E-508BDD16BBC1}.AppStore|iPhoneSimulator.ActiveCfg = Release|Any CPU
		{704F6F66-971D-41FB-AC5E-508BDD16BBC1}.AppStore|iPhoneSimulator.Build.0 = Release|Any CPU
		{704F6F66-971D-41FB-AC5E-508BDD16BBC1}.AppStore|x64.ActiveCfg = Release|Any CPU
		{704F6F66-971D-41FB-AC5E-508BDD16BBC1}.AppStore|x64.Build.0 = Release|Any CPU
		{704F6F66-971D-41FB-AC5E-508BDD16BBC1}.AppStore|x86.ActiveCfg = Release|Any CPU
		{704F6F66-971D-41FB-AC5E-508BDD16BBC1}.AppStore|x86.Build.0 = Release|Any CPU
		{704F6F66-971D-41FB-AC5E-508BDD16BBC1}.Debug|Any CPU.ActiveCfg = Debug|Any CPU
		{704F6F66-971D-41FB-AC5E-508BDD16BBC1}.Debug|Any CPU.Build.0 = Debug|Any CPU
		{704F6F66-971D-41FB-AC5E-508BDD16BBC1}.Debug|ARM.ActiveCfg = Debug|Any CPU
		{704F6F66-971D-41FB-AC5E-508BDD16BBC1}.Debug|ARM.Build.0 = Debug|Any CPU
		{704F6F66-971D-41FB-AC5E-508BDD16BBC1}.Debug|iPhone.ActiveCfg = Debug|Any CPU
		{704F6F66-971D-41FB-AC5E-508BDD16BBC1}.Debug|iPhone.Build.0 = Debug|Any CPU
		{704F6F66-971D-41FB-AC5E-508BDD16BBC1}.Debug|iPhoneSimulator.ActiveCfg = Debug|Any CPU
		{704F6F66-971D-41FB-AC5E-508BDD16BBC1}.Debug|iPhoneSimulator.Build.0 = Debug|Any CPU
		{704F6F66-971D-41FB-AC5E-508BDD16BBC1}.Debug|x64.ActiveCfg = Debug|Any CPU
		{704F6F66-971D-41FB-AC5E-508BDD16BBC1}.Debug|x64.Build.0 = Debug|Any CPU
		{704F6F66-971D-41FB-AC5E-508BDD16BBC1}.Debug|x86.ActiveCfg = Debug|Any CPU
		{704F6F66-971D-41FB-AC5E-508BDD16BBC1}.Debug|x86.Build.0 = Debug|Any CPU
		{704F6F66-971D-41FB-AC5E-508BDD16BBC1}.Release|Any CPU.ActiveCfg = Release|Any CPU
		{704F6F66-971D-41FB-AC5E-508BDD16BBC1}.Release|Any CPU.Build.0 = Release|Any CPU
		{704F6F66-971D-41FB-AC5E-508BDD16BBC1}.Release|ARM.ActiveCfg = Release|Any CPU
		{704F6F66-971D-41FB-AC5E-508BDD16BBC1}.Release|ARM.Build.0 = Release|Any CPU
		{704F6F66-971D-41FB-AC5E-508BDD16BBC1}.Release|iPhone.ActiveCfg = Release|Any CPU
		{704F6F66-971D-41FB-AC5E-508BDD16BBC1}.Release|iPhone.Build.0 = Release|Any CPU
		{704F6F66-971D-41FB-AC5E-508BDD16BBC1}.Release|iPhoneSimulator.ActiveCfg = Release|Any CPU
		{704F6F66-971D-41FB-AC5E-508BDD16BBC1}.Release|iPhoneSimulator.Build.0 = Release|Any CPU
		{704F6F66-971D-41FB-AC5E-508BDD16BBC1}.Release|x64.ActiveCfg = Release|Any CPU
		{704F6F66-971D-41FB-AC5E-508BDD16BBC1}.Release|x64.Build.0 = Release|Any CPU
		{704F6F66-971D-41FB-AC5E-508BDD16BBC1}.Release|x86.ActiveCfg = Release|Any CPU
		{704F6F66-971D-41FB-AC5E-508BDD16BBC1}.Release|x86.Build.0 = Release|Any CPU
		{6F572520-7B7A-4926-8B47-2C27D153A3CD}.Ad-Hoc|Any CPU.ActiveCfg = Release|Any CPU
		{6F572520-7B7A-4926-8B47-2C27D153A3CD}.Ad-Hoc|Any CPU.Build.0 = Release|Any CPU
		{6F572520-7B7A-4926-8B47-2C27D153A3CD}.Ad-Hoc|ARM.ActiveCfg = Release|Any CPU
		{6F572520-7B7A-4926-8B47-2C27D153A3CD}.Ad-Hoc|ARM.Build.0 = Release|Any CPU
		{6F572520-7B7A-4926-8B47-2C27D153A3CD}.Ad-Hoc|iPhone.ActiveCfg = Release|Any CPU
		{6F572520-7B7A-4926-8B47-2C27D153A3CD}.Ad-Hoc|iPhone.Build.0 = Release|Any CPU
		{6F572520-7B7A-4926-8B47-2C27D153A3CD}.Ad-Hoc|iPhoneSimulator.ActiveCfg = Release|Any CPU
		{6F572520-7B7A-4926-8B47-2C27D153A3CD}.Ad-Hoc|iPhoneSimulator.Build.0 = Release|Any CPU
		{6F572520-7B7A-4926-8B47-2C27D153A3CD}.Ad-Hoc|x64.ActiveCfg = Release|Any CPU
		{6F572520-7B7A-4926-8B47-2C27D153A3CD}.Ad-Hoc|x64.Build.0 = Release|Any CPU
		{6F572520-7B7A-4926-8B47-2C27D153A3CD}.Ad-Hoc|x86.ActiveCfg = Release|Any CPU
		{6F572520-7B7A-4926-8B47-2C27D153A3CD}.Ad-Hoc|x86.Build.0 = Release|Any CPU
		{6F572520-7B7A-4926-8B47-2C27D153A3CD}.AppStore|Any CPU.ActiveCfg = Release|Any CPU
		{6F572520-7B7A-4926-8B47-2C27D153A3CD}.AppStore|Any CPU.Build.0 = Release|Any CPU
		{6F572520-7B7A-4926-8B47-2C27D153A3CD}.AppStore|ARM.ActiveCfg = Release|Any CPU
		{6F572520-7B7A-4926-8B47-2C27D153A3CD}.AppStore|ARM.Build.0 = Release|Any CPU
		{6F572520-7B7A-4926-8B47-2C27D153A3CD}.AppStore|iPhone.ActiveCfg = Release|Any CPU
		{6F572520-7B7A-4926-8B47-2C27D153A3CD}.AppStore|iPhone.Build.0 = Release|Any CPU
		{6F572520-7B7A-4926-8B47-2C27D153A3CD}.AppStore|iPhoneSimulator.ActiveCfg = Release|Any CPU
		{6F572520-7B7A-4926-8B47-2C27D153A3CD}.AppStore|iPhoneSimulator.Build.0 = Release|Any CPU
		{6F572520-7B7A-4926-8B47-2C27D153A3CD}.AppStore|x64.ActiveCfg = Release|Any CPU
		{6F572520-7B7A-4926-8B47-2C27D153A3CD}.AppStore|x64.Build.0 = Release|Any CPU
		{6F572520-7B7A-4926-8B47-2C27D153A3CD}.AppStore|x86.ActiveCfg = Release|Any CPU
		{6F572520-7B7A-4926-8B47-2C27D153A3CD}.AppStore|x86.Build.0 = Release|Any CPU
		{6F572520-7B7A-4926-8B47-2C27D153A3CD}.Debug|Any CPU.ActiveCfg = Debug|Any CPU
		{6F572520-7B7A-4926-8B47-2C27D153A3CD}.Debug|Any CPU.Build.0 = Debug|Any CPU
		{6F572520-7B7A-4926-8B47-2C27D153A3CD}.Debug|ARM.ActiveCfg = Debug|Any CPU
		{6F572520-7B7A-4926-8B47-2C27D153A3CD}.Debug|ARM.Build.0 = Debug|Any CPU
		{6F572520-7B7A-4926-8B47-2C27D153A3CD}.Debug|iPhone.ActiveCfg = Debug|Any CPU
		{6F572520-7B7A-4926-8B47-2C27D153A3CD}.Debug|iPhone.Build.0 = Debug|Any CPU
		{6F572520-7B7A-4926-8B47-2C27D153A3CD}.Debug|iPhoneSimulator.ActiveCfg = Debug|Any CPU
		{6F572520-7B7A-4926-8B47-2C27D153A3CD}.Debug|iPhoneSimulator.Build.0 = Debug|Any CPU
		{6F572520-7B7A-4926-8B47-2C27D153A3CD}.Debug|x64.ActiveCfg = Debug|Any CPU
		{6F572520-7B7A-4926-8B47-2C27D153A3CD}.Debug|x64.Build.0 = Debug|Any CPU
		{6F572520-7B7A-4926-8B47-2C27D153A3CD}.Debug|x86.ActiveCfg = Debug|Any CPU
		{6F572520-7B7A-4926-8B47-2C27D153A3CD}.Debug|x86.Build.0 = Debug|Any CPU
		{6F572520-7B7A-4926-8B47-2C27D153A3CD}.Release|Any CPU.ActiveCfg = Release|Any CPU
		{6F572520-7B7A-4926-8B47-2C27D153A3CD}.Release|Any CPU.Build.0 = Release|Any CPU
		{6F572520-7B7A-4926-8B47-2C27D153A3CD}.Release|ARM.ActiveCfg = Release|Any CPU
		{6F572520-7B7A-4926-8B47-2C27D153A3CD}.Release|ARM.Build.0 = Release|Any CPU
		{6F572520-7B7A-4926-8B47-2C27D153A3CD}.Release|iPhone.ActiveCfg = Release|Any CPU
		{6F572520-7B7A-4926-8B47-2C27D153A3CD}.Release|iPhone.Build.0 = Release|Any CPU
		{6F572520-7B7A-4926-8B47-2C27D153A3CD}.Release|iPhoneSimulator.ActiveCfg = Release|Any CPU
		{6F572520-7B7A-4926-8B47-2C27D153A3CD}.Release|iPhoneSimulator.Build.0 = Release|Any CPU
		{6F572520-7B7A-4926-8B47-2C27D153A3CD}.Release|x64.ActiveCfg = Release|Any CPU
		{6F572520-7B7A-4926-8B47-2C27D153A3CD}.Release|x64.Build.0 = Release|Any CPU
		{6F572520-7B7A-4926-8B47-2C27D153A3CD}.Release|x86.ActiveCfg = Release|Any CPU
		{6F572520-7B7A-4926-8B47-2C27D153A3CD}.Release|x86.Build.0 = Release|Any CPU
		{A41B6DB8-D78A-4B19-9020-66959AF59339}.Ad-Hoc|Any CPU.ActiveCfg = Release|Any CPU
		{A41B6DB8-D78A-4B19-9020-66959AF59339}.Ad-Hoc|Any CPU.Build.0 = Release|Any CPU
		{A41B6DB8-D78A-4B19-9020-66959AF59339}.Ad-Hoc|ARM.ActiveCfg = Release|Any CPU
		{A41B6DB8-D78A-4B19-9020-66959AF59339}.Ad-Hoc|ARM.Build.0 = Release|Any CPU
		{A41B6DB8-D78A-4B19-9020-66959AF59339}.Ad-Hoc|iPhone.ActiveCfg = Release|Any CPU
		{A41B6DB8-D78A-4B19-9020-66959AF59339}.Ad-Hoc|iPhone.Build.0 = Release|Any CPU
		{A41B6DB8-D78A-4B19-9020-66959AF59339}.Ad-Hoc|iPhoneSimulator.ActiveCfg = Release|Any CPU
		{A41B6DB8-D78A-4B19-9020-66959AF59339}.Ad-Hoc|iPhoneSimulator.Build.0 = Release|Any CPU
		{A41B6DB8-D78A-4B19-9020-66959AF59339}.Ad-Hoc|x64.ActiveCfg = Release|Any CPU
		{A41B6DB8-D78A-4B19-9020-66959AF59339}.Ad-Hoc|x64.Build.0 = Release|Any CPU
		{A41B6DB8-D78A-4B19-9020-66959AF59339}.Ad-Hoc|x86.ActiveCfg = Release|Any CPU
		{A41B6DB8-D78A-4B19-9020-66959AF59339}.Ad-Hoc|x86.Build.0 = Release|Any CPU
		{A41B6DB8-D78A-4B19-9020-66959AF59339}.AppStore|Any CPU.ActiveCfg = Release|Any CPU
		{A41B6DB8-D78A-4B19-9020-66959AF59339}.AppStore|Any CPU.Build.0 = Release|Any CPU
		{A41B6DB8-D78A-4B19-9020-66959AF59339}.AppStore|ARM.ActiveCfg = Release|Any CPU
		{A41B6DB8-D78A-4B19-9020-66959AF59339}.AppStore|ARM.Build.0 = Release|Any CPU
		{A41B6DB8-D78A-4B19-9020-66959AF59339}.AppStore|iPhone.ActiveCfg = Release|Any CPU
		{A41B6DB8-D78A-4B19-9020-66959AF59339}.AppStore|iPhone.Build.0 = Release|Any CPU
		{A41B6DB8-D78A-4B19-9020-66959AF59339}.AppStore|iPhoneSimulator.ActiveCfg = Release|Any CPU
		{A41B6DB8-D78A-4B19-9020-66959AF59339}.AppStore|iPhoneSimulator.Build.0 = Release|Any CPU
		{A41B6DB8-D78A-4B19-9020-66959AF59339}.AppStore|x64.ActiveCfg = Release|Any CPU
		{A41B6DB8-D78A-4B19-9020-66959AF59339}.AppStore|x64.Build.0 = Release|Any CPU
		{A41B6DB8-D78A-4B19-9020-66959AF59339}.AppStore|x86.ActiveCfg = Release|Any CPU
		{A41B6DB8-D78A-4B19-9020-66959AF59339}.AppStore|x86.Build.0 = Release|Any CPU
		{A41B6DB8-D78A-4B19-9020-66959AF59339}.Debug|Any CPU.ActiveCfg = Debug|Any CPU
		{A41B6DB8-D78A-4B19-9020-66959AF59339}.Debug|Any CPU.Build.0 = Debug|Any CPU
		{A41B6DB8-D78A-4B19-9020-66959AF59339}.Debug|ARM.ActiveCfg = Debug|Any CPU
		{A41B6DB8-D78A-4B19-9020-66959AF59339}.Debug|ARM.Build.0 = Debug|Any CPU
		{A41B6DB8-D78A-4B19-9020-66959AF59339}.Debug|iPhone.ActiveCfg = Debug|Any CPU
		{A41B6DB8-D78A-4B19-9020-66959AF59339}.Debug|iPhone.Build.0 = Debug|Any CPU
		{A41B6DB8-D78A-4B19-9020-66959AF59339}.Debug|iPhoneSimulator.ActiveCfg = Debug|Any CPU
		{A41B6DB8-D78A-4B19-9020-66959AF59339}.Debug|iPhoneSimulator.Build.0 = Debug|Any CPU
		{A41B6DB8-D78A-4B19-9020-66959AF59339}.Debug|x64.ActiveCfg = Debug|Any CPU
		{A41B6DB8-D78A-4B19-9020-66959AF59339}.Debug|x64.Build.0 = Debug|Any CPU
		{A41B6DB8-D78A-4B19-9020-66959AF59339}.Debug|x86.ActiveCfg = Debug|Any CPU
		{A41B6DB8-D78A-4B19-9020-66959AF59339}.Debug|x86.Build.0 = Debug|Any CPU
		{A41B6DB8-D78A-4B19-9020-66959AF59339}.Release|Any CPU.ActiveCfg = Release|Any CPU
		{A41B6DB8-D78A-4B19-9020-66959AF59339}.Release|Any CPU.Build.0 = Release|Any CPU
		{A41B6DB8-D78A-4B19-9020-66959AF59339}.Release|ARM.ActiveCfg = Release|Any CPU
		{A41B6DB8-D78A-4B19-9020-66959AF59339}.Release|ARM.Build.0 = Release|Any CPU
		{A41B6DB8-D78A-4B19-9020-66959AF59339}.Release|iPhone.ActiveCfg = Release|Any CPU
		{A41B6DB8-D78A-4B19-9020-66959AF59339}.Release|iPhone.Build.0 = Release|Any CPU
		{A41B6DB8-D78A-4B19-9020-66959AF59339}.Release|iPhoneSimulator.ActiveCfg = Release|Any CPU
		{A41B6DB8-D78A-4B19-9020-66959AF59339}.Release|iPhoneSimulator.Build.0 = Release|Any CPU
		{A41B6DB8-D78A-4B19-9020-66959AF59339}.Release|x64.ActiveCfg = Release|Any CPU
		{A41B6DB8-D78A-4B19-9020-66959AF59339}.Release|x64.Build.0 = Release|Any CPU
		{A41B6DB8-D78A-4B19-9020-66959AF59339}.Release|x86.ActiveCfg = Release|Any CPU
		{A41B6DB8-D78A-4B19-9020-66959AF59339}.Release|x86.Build.0 = Release|Any CPU
		{A0A9FBBD-9EAF-4D27-9095-0FCF2B0C3553}.Ad-Hoc|Any CPU.ActiveCfg = Release|Any CPU
		{A0A9FBBD-9EAF-4D27-9095-0FCF2B0C3553}.Ad-Hoc|Any CPU.Build.0 = Release|Any CPU
		{A0A9FBBD-9EAF-4D27-9095-0FCF2B0C3553}.Ad-Hoc|ARM.ActiveCfg = Release|Any CPU
		{A0A9FBBD-9EAF-4D27-9095-0FCF2B0C3553}.Ad-Hoc|ARM.Build.0 = Release|Any CPU
		{A0A9FBBD-9EAF-4D27-9095-0FCF2B0C3553}.Ad-Hoc|iPhone.ActiveCfg = Release|Any CPU
		{A0A9FBBD-9EAF-4D27-9095-0FCF2B0C3553}.Ad-Hoc|iPhone.Build.0 = Release|Any CPU
		{A0A9FBBD-9EAF-4D27-9095-0FCF2B0C3553}.Ad-Hoc|iPhoneSimulator.ActiveCfg = Release|Any CPU
		{A0A9FBBD-9EAF-4D27-9095-0FCF2B0C3553}.Ad-Hoc|iPhoneSimulator.Build.0 = Release|Any CPU
		{A0A9FBBD-9EAF-4D27-9095-0FCF2B0C3553}.Ad-Hoc|x64.ActiveCfg = Release|Any CPU
		{A0A9FBBD-9EAF-4D27-9095-0FCF2B0C3553}.Ad-Hoc|x64.Build.0 = Release|Any CPU
		{A0A9FBBD-9EAF-4D27-9095-0FCF2B0C3553}.Ad-Hoc|x86.ActiveCfg = Release|Any CPU
		{A0A9FBBD-9EAF-4D27-9095-0FCF2B0C3553}.Ad-Hoc|x86.Build.0 = Release|Any CPU
		{A0A9FBBD-9EAF-4D27-9095-0FCF2B0C3553}.AppStore|Any CPU.ActiveCfg = Release|Any CPU
		{A0A9FBBD-9EAF-4D27-9095-0FCF2B0C3553}.AppStore|Any CPU.Build.0 = Release|Any CPU
		{A0A9FBBD-9EAF-4D27-9095-0FCF2B0C3553}.AppStore|ARM.ActiveCfg = Release|Any CPU
		{A0A9FBBD-9EAF-4D27-9095-0FCF2B0C3553}.AppStore|ARM.Build.0 = Release|Any CPU
		{A0A9FBBD-9EAF-4D27-9095-0FCF2B0C3553}.AppStore|iPhone.ActiveCfg = Release|Any CPU
		{A0A9FBBD-9EAF-4D27-9095-0FCF2B0C3553}.AppStore|iPhone.Build.0 = Release|Any CPU
		{A0A9FBBD-9EAF-4D27-9095-0FCF2B0C3553}.AppStore|iPhoneSimulator.ActiveCfg = Release|Any CPU
		{A0A9FBBD-9EAF-4D27-9095-0FCF2B0C3553}.AppStore|iPhoneSimulator.Build.0 = Release|Any CPU
		{A0A9FBBD-9EAF-4D27-9095-0FCF2B0C3553}.AppStore|x64.ActiveCfg = Release|Any CPU
		{A0A9FBBD-9EAF-4D27-9095-0FCF2B0C3553}.AppStore|x64.Build.0 = Release|Any CPU
		{A0A9FBBD-9EAF-4D27-9095-0FCF2B0C3553}.AppStore|x86.ActiveCfg = Release|Any CPU
		{A0A9FBBD-9EAF-4D27-9095-0FCF2B0C3553}.AppStore|x86.Build.0 = Release|Any CPU
		{A0A9FBBD-9EAF-4D27-9095-0FCF2B0C3553}.Debug|Any CPU.ActiveCfg = Debug|Any CPU
		{A0A9FBBD-9EAF-4D27-9095-0FCF2B0C3553}.Debug|Any CPU.Build.0 = Debug|Any CPU
		{A0A9FBBD-9EAF-4D27-9095-0FCF2B0C3553}.Debug|ARM.ActiveCfg = Debug|Any CPU
		{A0A9FBBD-9EAF-4D27-9095-0FCF2B0C3553}.Debug|ARM.Build.0 = Debug|Any CPU
		{A0A9FBBD-9EAF-4D27-9095-0FCF2B0C3553}.Debug|iPhone.ActiveCfg = Debug|Any CPU
		{A0A9FBBD-9EAF-4D27-9095-0FCF2B0C3553}.Debug|iPhone.Build.0 = Debug|Any CPU
		{A0A9FBBD-9EAF-4D27-9095-0FCF2B0C3553}.Debug|iPhoneSimulator.ActiveCfg = Debug|Any CPU
		{A0A9FBBD-9EAF-4D27-9095-0FCF2B0C3553}.Debug|iPhoneSimulator.Build.0 = Debug|Any CPU
		{A0A9FBBD-9EAF-4D27-9095-0FCF2B0C3553}.Debug|x64.ActiveCfg = Debug|Any CPU
		{A0A9FBBD-9EAF-4D27-9095-0FCF2B0C3553}.Debug|x64.Build.0 = Debug|Any CPU
		{A0A9FBBD-9EAF-4D27-9095-0FCF2B0C3553}.Debug|x86.ActiveCfg = Debug|Any CPU
		{A0A9FBBD-9EAF-4D27-9095-0FCF2B0C3553}.Debug|x86.Build.0 = Debug|Any CPU
		{A0A9FBBD-9EAF-4D27-9095-0FCF2B0C3553}.Release|Any CPU.ActiveCfg = Release|Any CPU
		{A0A9FBBD-9EAF-4D27-9095-0FCF2B0C3553}.Release|Any CPU.Build.0 = Release|Any CPU
		{A0A9FBBD-9EAF-4D27-9095-0FCF2B0C3553}.Release|ARM.ActiveCfg = Release|Any CPU
		{A0A9FBBD-9EAF-4D27-9095-0FCF2B0C3553}.Release|ARM.Build.0 = Release|Any CPU
		{A0A9FBBD-9EAF-4D27-9095-0FCF2B0C3553}.Release|iPhone.ActiveCfg = Release|Any CPU
		{A0A9FBBD-9EAF-4D27-9095-0FCF2B0C3553}.Release|iPhone.Build.0 = Release|Any CPU
		{A0A9FBBD-9EAF-4D27-9095-0FCF2B0C3553}.Release|iPhoneSimulator.ActiveCfg = Release|Any CPU
		{A0A9FBBD-9EAF-4D27-9095-0FCF2B0C3553}.Release|iPhoneSimulator.Build.0 = Release|Any CPU
		{A0A9FBBD-9EAF-4D27-9095-0FCF2B0C3553}.Release|x64.ActiveCfg = Release|Any CPU
		{A0A9FBBD-9EAF-4D27-9095-0FCF2B0C3553}.Release|x64.Build.0 = Release|Any CPU
		{A0A9FBBD-9EAF-4D27-9095-0FCF2B0C3553}.Release|x86.ActiveCfg = Release|Any CPU
		{A0A9FBBD-9EAF-4D27-9095-0FCF2B0C3553}.Release|x86.Build.0 = Release|Any CPU
		{AC3644F8-C818-42BB-9A41-33CAEBB4DB29}.Ad-Hoc|Any CPU.ActiveCfg = Release|Any CPU
		{AC3644F8-C818-42BB-9A41-33CAEBB4DB29}.Ad-Hoc|Any CPU.Build.0 = Release|Any CPU
		{AC3644F8-C818-42BB-9A41-33CAEBB4DB29}.Ad-Hoc|ARM.ActiveCfg = Release|Any CPU
		{AC3644F8-C818-42BB-9A41-33CAEBB4DB29}.Ad-Hoc|ARM.Build.0 = Release|Any CPU
		{AC3644F8-C818-42BB-9A41-33CAEBB4DB29}.Ad-Hoc|iPhone.ActiveCfg = Release|Any CPU
		{AC3644F8-C818-42BB-9A41-33CAEBB4DB29}.Ad-Hoc|iPhone.Build.0 = Release|Any CPU
		{AC3644F8-C818-42BB-9A41-33CAEBB4DB29}.Ad-Hoc|iPhoneSimulator.ActiveCfg = Release|Any CPU
		{AC3644F8-C818-42BB-9A41-33CAEBB4DB29}.Ad-Hoc|iPhoneSimulator.Build.0 = Release|Any CPU
		{AC3644F8-C818-42BB-9A41-33CAEBB4DB29}.Ad-Hoc|x64.ActiveCfg = Release|Any CPU
		{AC3644F8-C818-42BB-9A41-33CAEBB4DB29}.Ad-Hoc|x64.Build.0 = Release|Any CPU
		{AC3644F8-C818-42BB-9A41-33CAEBB4DB29}.Ad-Hoc|x86.ActiveCfg = Release|Any CPU
		{AC3644F8-C818-42BB-9A41-33CAEBB4DB29}.Ad-Hoc|x86.Build.0 = Release|Any CPU
		{AC3644F8-C818-42BB-9A41-33CAEBB4DB29}.AppStore|Any CPU.ActiveCfg = Release|Any CPU
		{AC3644F8-C818-42BB-9A41-33CAEBB4DB29}.AppStore|Any CPU.Build.0 = Release|Any CPU
		{AC3644F8-C818-42BB-9A41-33CAEBB4DB29}.AppStore|ARM.ActiveCfg = Release|Any CPU
		{AC3644F8-C818-42BB-9A41-33CAEBB4DB29}.AppStore|ARM.Build.0 = Release|Any CPU
		{AC3644F8-C818-42BB-9A41-33CAEBB4DB29}.AppStore|iPhone.ActiveCfg = Release|Any CPU
		{AC3644F8-C818-42BB-9A41-33CAEBB4DB29}.AppStore|iPhone.Build.0 = Release|Any CPU
		{AC3644F8-C818-42BB-9A41-33CAEBB4DB29}.AppStore|iPhoneSimulator.ActiveCfg = Release|Any CPU
		{AC3644F8-C818-42BB-9A41-33CAEBB4DB29}.AppStore|iPhoneSimulator.Build.0 = Release|Any CPU
		{AC3644F8-C818-42BB-9A41-33CAEBB4DB29}.AppStore|x64.ActiveCfg = Release|Any CPU
		{AC3644F8-C818-42BB-9A41-33CAEBB4DB29}.AppStore|x64.Build.0 = Release|Any CPU
		{AC3644F8-C818-42BB-9A41-33CAEBB4DB29}.AppStore|x86.ActiveCfg = Release|Any CPU
		{AC3644F8-C818-42BB-9A41-33CAEBB4DB29}.AppStore|x86.Build.0 = Release|Any CPU
		{AC3644F8-C818-42BB-9A41-33CAEBB4DB29}.Debug|Any CPU.ActiveCfg = Debug|Any CPU
		{AC3644F8-C818-42BB-9A41-33CAEBB4DB29}.Debug|Any CPU.Build.0 = Debug|Any CPU
		{AC3644F8-C818-42BB-9A41-33CAEBB4DB29}.Debug|ARM.ActiveCfg = Debug|Any CPU
		{AC3644F8-C818-42BB-9A41-33CAEBB4DB29}.Debug|ARM.Build.0 = Debug|Any CPU
		{AC3644F8-C818-42BB-9A41-33CAEBB4DB29}.Debug|iPhone.ActiveCfg = Debug|Any CPU
		{AC3644F8-C818-42BB-9A41-33CAEBB4DB29}.Debug|iPhone.Build.0 = Debug|Any CPU
		{AC3644F8-C818-42BB-9A41-33CAEBB4DB29}.Debug|iPhoneSimulator.ActiveCfg = Debug|Any CPU
		{AC3644F8-C818-42BB-9A41-33CAEBB4DB29}.Debug|iPhoneSimulator.Build.0 = Debug|Any CPU
		{AC3644F8-C818-42BB-9A41-33CAEBB4DB29}.Debug|x64.ActiveCfg = Debug|Any CPU
		{AC3644F8-C818-42BB-9A41-33CAEBB4DB29}.Debug|x64.Build.0 = Debug|Any CPU
		{AC3644F8-C818-42BB-9A41-33CAEBB4DB29}.Debug|x86.ActiveCfg = Debug|Any CPU
		{AC3644F8-C818-42BB-9A41-33CAEBB4DB29}.Debug|x86.Build.0 = Debug|Any CPU
		{AC3644F8-C818-42BB-9A41-33CAEBB4DB29}.Release|Any CPU.ActiveCfg = Release|Any CPU
		{AC3644F8-C818-42BB-9A41-33CAEBB4DB29}.Release|Any CPU.Build.0 = Release|Any CPU
		{AC3644F8-C818-42BB-9A41-33CAEBB4DB29}.Release|ARM.ActiveCfg = Release|Any CPU
		{AC3644F8-C818-42BB-9A41-33CAEBB4DB29}.Release|ARM.Build.0 = Release|Any CPU
		{AC3644F8-C818-42BB-9A41-33CAEBB4DB29}.Release|iPhone.ActiveCfg = Release|Any CPU
		{AC3644F8-C818-42BB-9A41-33CAEBB4DB29}.Release|iPhone.Build.0 = Release|Any CPU
		{AC3644F8-C818-42BB-9A41-33CAEBB4DB29}.Release|iPhoneSimulator.ActiveCfg = Release|Any CPU
		{AC3644F8-C818-42BB-9A41-33CAEBB4DB29}.Release|iPhoneSimulator.Build.0 = Release|Any CPU
		{AC3644F8-C818-42BB-9A41-33CAEBB4DB29}.Release|x64.ActiveCfg = Release|Any CPU
		{AC3644F8-C818-42BB-9A41-33CAEBB4DB29}.Release|x64.Build.0 = Release|Any CPU
		{AC3644F8-C818-42BB-9A41-33CAEBB4DB29}.Release|x86.ActiveCfg = Release|Any CPU
		{AC3644F8-C818-42BB-9A41-33CAEBB4DB29}.Release|x86.Build.0 = Release|Any CPU
		{7B91B7DA-AF05-4FB2-819E-56FAF45D8ACB}.Ad-Hoc|Any CPU.ActiveCfg = Release|Any CPU
		{7B91B7DA-AF05-4FB2-819E-56FAF45D8ACB}.Ad-Hoc|Any CPU.Build.0 = Release|Any CPU
		{7B91B7DA-AF05-4FB2-819E-56FAF45D8ACB}.Ad-Hoc|ARM.ActiveCfg = Release|Any CPU
		{7B91B7DA-AF05-4FB2-819E-56FAF45D8ACB}.Ad-Hoc|ARM.Build.0 = Release|Any CPU
		{7B91B7DA-AF05-4FB2-819E-56FAF45D8ACB}.Ad-Hoc|iPhone.ActiveCfg = Release|Any CPU
		{7B91B7DA-AF05-4FB2-819E-56FAF45D8ACB}.Ad-Hoc|iPhone.Build.0 = Release|Any CPU
		{7B91B7DA-AF05-4FB2-819E-56FAF45D8ACB}.Ad-Hoc|iPhoneSimulator.ActiveCfg = Release|Any CPU
		{7B91B7DA-AF05-4FB2-819E-56FAF45D8ACB}.Ad-Hoc|iPhoneSimulator.Build.0 = Release|Any CPU
		{7B91B7DA-AF05-4FB2-819E-56FAF45D8ACB}.Ad-Hoc|x64.ActiveCfg = Release|Any CPU
		{7B91B7DA-AF05-4FB2-819E-56FAF45D8ACB}.Ad-Hoc|x64.Build.0 = Release|Any CPU
		{7B91B7DA-AF05-4FB2-819E-56FAF45D8ACB}.Ad-Hoc|x86.ActiveCfg = Release|Any CPU
		{7B91B7DA-AF05-4FB2-819E-56FAF45D8ACB}.Ad-Hoc|x86.Build.0 = Release|Any CPU
		{7B91B7DA-AF05-4FB2-819E-56FAF45D8ACB}.AppStore|Any CPU.ActiveCfg = Release|Any CPU
		{7B91B7DA-AF05-4FB2-819E-56FAF45D8ACB}.AppStore|Any CPU.Build.0 = Release|Any CPU
		{7B91B7DA-AF05-4FB2-819E-56FAF45D8ACB}.AppStore|ARM.ActiveCfg = Release|Any CPU
		{7B91B7DA-AF05-4FB2-819E-56FAF45D8ACB}.AppStore|ARM.Build.0 = Release|Any CPU
		{7B91B7DA-AF05-4FB2-819E-56FAF45D8ACB}.AppStore|iPhone.ActiveCfg = Release|Any CPU
		{7B91B7DA-AF05-4FB2-819E-56FAF45D8ACB}.AppStore|iPhone.Build.0 = Release|Any CPU
		{7B91B7DA-AF05-4FB2-819E-56FAF45D8ACB}.AppStore|iPhoneSimulator.ActiveCfg = Release|Any CPU
		{7B91B7DA-AF05-4FB2-819E-56FAF45D8ACB}.AppStore|iPhoneSimulator.Build.0 = Release|Any CPU
		{7B91B7DA-AF05-4FB2-819E-56FAF45D8ACB}.AppStore|x64.ActiveCfg = Release|Any CPU
		{7B91B7DA-AF05-4FB2-819E-56FAF45D8ACB}.AppStore|x64.Build.0 = Release|Any CPU
		{7B91B7DA-AF05-4FB2-819E-56FAF45D8ACB}.AppStore|x86.ActiveCfg = Release|Any CPU
		{7B91B7DA-AF05-4FB2-819E-56FAF45D8ACB}.AppStore|x86.Build.0 = Release|Any CPU
		{7B91B7DA-AF05-4FB2-819E-56FAF45D8ACB}.Debug|Any CPU.ActiveCfg = Debug|Any CPU
		{7B91B7DA-AF05-4FB2-819E-56FAF45D8ACB}.Debug|Any CPU.Build.0 = Debug|Any CPU
		{7B91B7DA-AF05-4FB2-819E-56FAF45D8ACB}.Debug|ARM.ActiveCfg = Debug|Any CPU
		{7B91B7DA-AF05-4FB2-819E-56FAF45D8ACB}.Debug|ARM.Build.0 = Debug|Any CPU
		{7B91B7DA-AF05-4FB2-819E-56FAF45D8ACB}.Debug|iPhone.ActiveCfg = Debug|Any CPU
		{7B91B7DA-AF05-4FB2-819E-56FAF45D8ACB}.Debug|iPhone.Build.0 = Debug|Any CPU
		{7B91B7DA-AF05-4FB2-819E-56FAF45D8ACB}.Debug|iPhoneSimulator.ActiveCfg = Debug|Any CPU
		{7B91B7DA-AF05-4FB2-819E-56FAF45D8ACB}.Debug|iPhoneSimulator.Build.0 = Debug|Any CPU
		{7B91B7DA-AF05-4FB2-819E-56FAF45D8ACB}.Debug|x64.ActiveCfg = Debug|Any CPU
		{7B91B7DA-AF05-4FB2-819E-56FAF45D8ACB}.Debug|x64.Build.0 = Debug|Any CPU
		{7B91B7DA-AF05-4FB2-819E-56FAF45D8ACB}.Debug|x86.ActiveCfg = Debug|Any CPU
		{7B91B7DA-AF05-4FB2-819E-56FAF45D8ACB}.Debug|x86.Build.0 = Debug|Any CPU
		{7B91B7DA-AF05-4FB2-819E-56FAF45D8ACB}.Release|Any CPU.ActiveCfg = Release|Any CPU
		{7B91B7DA-AF05-4FB2-819E-56FAF45D8ACB}.Release|Any CPU.Build.0 = Release|Any CPU
		{7B91B7DA-AF05-4FB2-819E-56FAF45D8ACB}.Release|ARM.ActiveCfg = Release|Any CPU
		{7B91B7DA-AF05-4FB2-819E-56FAF45D8ACB}.Release|ARM.Build.0 = Release|Any CPU
		{7B91B7DA-AF05-4FB2-819E-56FAF45D8ACB}.Release|iPhone.ActiveCfg = Release|Any CPU
		{7B91B7DA-AF05-4FB2-819E-56FAF45D8ACB}.Release|iPhone.Build.0 = Release|Any CPU
		{7B91B7DA-AF05-4FB2-819E-56FAF45D8ACB}.Release|iPhoneSimulator.ActiveCfg = Release|Any CPU
		{7B91B7DA-AF05-4FB2-819E-56FAF45D8ACB}.Release|iPhoneSimulator.Build.0 = Release|Any CPU
		{7B91B7DA-AF05-4FB2-819E-56FAF45D8ACB}.Release|x64.ActiveCfg = Release|Any CPU
		{7B91B7DA-AF05-4FB2-819E-56FAF45D8ACB}.Release|x64.Build.0 = Release|Any CPU
		{7B91B7DA-AF05-4FB2-819E-56FAF45D8ACB}.Release|x86.ActiveCfg = Release|Any CPU
		{7B91B7DA-AF05-4FB2-819E-56FAF45D8ACB}.Release|x86.Build.0 = Release|Any CPU
		{64D8361A-80BA-452E-8B0C-3DB0DB952F17}.Ad-Hoc|Any CPU.ActiveCfg = Release|Any CPU
		{64D8361A-80BA-452E-8B0C-3DB0DB952F17}.Ad-Hoc|Any CPU.Build.0 = Release|Any CPU
		{64D8361A-80BA-452E-8B0C-3DB0DB952F17}.Ad-Hoc|ARM.ActiveCfg = Release|Any CPU
		{64D8361A-80BA-452E-8B0C-3DB0DB952F17}.Ad-Hoc|ARM.Build.0 = Release|Any CPU
		{64D8361A-80BA-452E-8B0C-3DB0DB952F17}.Ad-Hoc|iPhone.ActiveCfg = Release|Any CPU
		{64D8361A-80BA-452E-8B0C-3DB0DB952F17}.Ad-Hoc|iPhone.Build.0 = Release|Any CPU
		{64D8361A-80BA-452E-8B0C-3DB0DB952F17}.Ad-Hoc|iPhoneSimulator.ActiveCfg = Release|Any CPU
		{64D8361A-80BA-452E-8B0C-3DB0DB952F17}.Ad-Hoc|iPhoneSimulator.Build.0 = Release|Any CPU
		{64D8361A-80BA-452E-8B0C-3DB0DB952F17}.Ad-Hoc|x64.ActiveCfg = Release|Any CPU
		{64D8361A-80BA-452E-8B0C-3DB0DB952F17}.Ad-Hoc|x64.Build.0 = Release|Any CPU
		{64D8361A-80BA-452E-8B0C-3DB0DB952F17}.Ad-Hoc|x86.ActiveCfg = Release|Any CPU
		{64D8361A-80BA-452E-8B0C-3DB0DB952F17}.Ad-Hoc|x86.Build.0 = Release|Any CPU
		{64D8361A-80BA-452E-8B0C-3DB0DB952F17}.AppStore|Any CPU.ActiveCfg = Release|Any CPU
		{64D8361A-80BA-452E-8B0C-3DB0DB952F17}.AppStore|Any CPU.Build.0 = Release|Any CPU
		{64D8361A-80BA-452E-8B0C-3DB0DB952F17}.AppStore|ARM.ActiveCfg = Release|Any CPU
		{64D8361A-80BA-452E-8B0C-3DB0DB952F17}.AppStore|ARM.Build.0 = Release|Any CPU
		{64D8361A-80BA-452E-8B0C-3DB0DB952F17}.AppStore|iPhone.ActiveCfg = Release|Any CPU
		{64D8361A-80BA-452E-8B0C-3DB0DB952F17}.AppStore|iPhone.Build.0 = Release|Any CPU
		{64D8361A-80BA-452E-8B0C-3DB0DB952F17}.AppStore|iPhoneSimulator.ActiveCfg = Release|Any CPU
		{64D8361A-80BA-452E-8B0C-3DB0DB952F17}.AppStore|iPhoneSimulator.Build.0 = Release|Any CPU
		{64D8361A-80BA-452E-8B0C-3DB0DB952F17}.AppStore|x64.ActiveCfg = Release|Any CPU
		{64D8361A-80BA-452E-8B0C-3DB0DB952F17}.AppStore|x64.Build.0 = Release|Any CPU
		{64D8361A-80BA-452E-8B0C-3DB0DB952F17}.AppStore|x86.ActiveCfg = Release|Any CPU
		{64D8361A-80BA-452E-8B0C-3DB0DB952F17}.AppStore|x86.Build.0 = Release|Any CPU
		{64D8361A-80BA-452E-8B0C-3DB0DB952F17}.Debug|Any CPU.ActiveCfg = Debug|Any CPU
		{64D8361A-80BA-452E-8B0C-3DB0DB952F17}.Debug|Any CPU.Build.0 = Debug|Any CPU
		{64D8361A-80BA-452E-8B0C-3DB0DB952F17}.Debug|ARM.ActiveCfg = Debug|Any CPU
		{64D8361A-80BA-452E-8B0C-3DB0DB952F17}.Debug|ARM.Build.0 = Debug|Any CPU
		{64D8361A-80BA-452E-8B0C-3DB0DB952F17}.Debug|iPhone.ActiveCfg = Debug|Any CPU
		{64D8361A-80BA-452E-8B0C-3DB0DB952F17}.Debug|iPhone.Build.0 = Debug|Any CPU
		{64D8361A-80BA-452E-8B0C-3DB0DB952F17}.Debug|iPhoneSimulator.ActiveCfg = Debug|Any CPU
		{64D8361A-80BA-452E-8B0C-3DB0DB952F17}.Debug|iPhoneSimulator.Build.0 = Debug|Any CPU
		{64D8361A-80BA-452E-8B0C-3DB0DB952F17}.Debug|x64.ActiveCfg = Debug|Any CPU
		{64D8361A-80BA-452E-8B0C-3DB0DB952F17}.Debug|x64.Build.0 = Debug|Any CPU
		{64D8361A-80BA-452E-8B0C-3DB0DB952F17}.Debug|x86.ActiveCfg = Debug|Any CPU
		{64D8361A-80BA-452E-8B0C-3DB0DB952F17}.Debug|x86.Build.0 = Debug|Any CPU
		{64D8361A-80BA-452E-8B0C-3DB0DB952F17}.Release|Any CPU.ActiveCfg = Release|Any CPU
		{64D8361A-80BA-452E-8B0C-3DB0DB952F17}.Release|Any CPU.Build.0 = Release|Any CPU
		{64D8361A-80BA-452E-8B0C-3DB0DB952F17}.Release|ARM.ActiveCfg = Release|Any CPU
		{64D8361A-80BA-452E-8B0C-3DB0DB952F17}.Release|ARM.Build.0 = Release|Any CPU
		{64D8361A-80BA-452E-8B0C-3DB0DB952F17}.Release|iPhone.ActiveCfg = Release|Any CPU
		{64D8361A-80BA-452E-8B0C-3DB0DB952F17}.Release|iPhone.Build.0 = Release|Any CPU
		{64D8361A-80BA-452E-8B0C-3DB0DB952F17}.Release|iPhoneSimulator.ActiveCfg = Release|Any CPU
		{64D8361A-80BA-452E-8B0C-3DB0DB952F17}.Release|iPhoneSimulator.Build.0 = Release|Any CPU
		{64D8361A-80BA-452E-8B0C-3DB0DB952F17}.Release|x64.ActiveCfg = Release|Any CPU
		{64D8361A-80BA-452E-8B0C-3DB0DB952F17}.Release|x64.Build.0 = Release|Any CPU
		{64D8361A-80BA-452E-8B0C-3DB0DB952F17}.Release|x86.ActiveCfg = Release|Any CPU
		{64D8361A-80BA-452E-8B0C-3DB0DB952F17}.Release|x86.Build.0 = Release|Any CPU
		{FAD2ED4F-9F0E-4A89-AAB2-01464C97B972}.Ad-Hoc|Any CPU.ActiveCfg = Release|Any CPU
		{FAD2ED4F-9F0E-4A89-AAB2-01464C97B972}.Ad-Hoc|Any CPU.Build.0 = Release|Any CPU
		{FAD2ED4F-9F0E-4A89-AAB2-01464C97B972}.Ad-Hoc|ARM.ActiveCfg = Release|Any CPU
		{FAD2ED4F-9F0E-4A89-AAB2-01464C97B972}.Ad-Hoc|ARM.Build.0 = Release|Any CPU
		{FAD2ED4F-9F0E-4A89-AAB2-01464C97B972}.Ad-Hoc|iPhone.ActiveCfg = Release|Any CPU
		{FAD2ED4F-9F0E-4A89-AAB2-01464C97B972}.Ad-Hoc|iPhone.Build.0 = Release|Any CPU
		{FAD2ED4F-9F0E-4A89-AAB2-01464C97B972}.Ad-Hoc|iPhoneSimulator.ActiveCfg = Release|Any CPU
		{FAD2ED4F-9F0E-4A89-AAB2-01464C97B972}.Ad-Hoc|iPhoneSimulator.Build.0 = Release|Any CPU
		{FAD2ED4F-9F0E-4A89-AAB2-01464C97B972}.Ad-Hoc|x64.ActiveCfg = Release|Any CPU
		{FAD2ED4F-9F0E-4A89-AAB2-01464C97B972}.Ad-Hoc|x64.Build.0 = Release|Any CPU
		{FAD2ED4F-9F0E-4A89-AAB2-01464C97B972}.Ad-Hoc|x86.ActiveCfg = Release|Any CPU
		{FAD2ED4F-9F0E-4A89-AAB2-01464C97B972}.Ad-Hoc|x86.Build.0 = Release|Any CPU
		{FAD2ED4F-9F0E-4A89-AAB2-01464C97B972}.AppStore|Any CPU.ActiveCfg = Release|Any CPU
		{FAD2ED4F-9F0E-4A89-AAB2-01464C97B972}.AppStore|Any CPU.Build.0 = Release|Any CPU
		{FAD2ED4F-9F0E-4A89-AAB2-01464C97B972}.AppStore|ARM.ActiveCfg = Release|Any CPU
		{FAD2ED4F-9F0E-4A89-AAB2-01464C97B972}.AppStore|ARM.Build.0 = Release|Any CPU
		{FAD2ED4F-9F0E-4A89-AAB2-01464C97B972}.AppStore|iPhone.ActiveCfg = Release|Any CPU
		{FAD2ED4F-9F0E-4A89-AAB2-01464C97B972}.AppStore|iPhone.Build.0 = Release|Any CPU
		{FAD2ED4F-9F0E-4A89-AAB2-01464C97B972}.AppStore|iPhoneSimulator.ActiveCfg = Release|Any CPU
		{FAD2ED4F-9F0E-4A89-AAB2-01464C97B972}.AppStore|iPhoneSimulator.Build.0 = Release|Any CPU
		{FAD2ED4F-9F0E-4A89-AAB2-01464C97B972}.AppStore|x64.ActiveCfg = Release|Any CPU
		{FAD2ED4F-9F0E-4A89-AAB2-01464C97B972}.AppStore|x64.Build.0 = Release|Any CPU
		{FAD2ED4F-9F0E-4A89-AAB2-01464C97B972}.AppStore|x86.ActiveCfg = Release|Any CPU
		{FAD2ED4F-9F0E-4A89-AAB2-01464C97B972}.AppStore|x86.Build.0 = Release|Any CPU
		{FAD2ED4F-9F0E-4A89-AAB2-01464C97B972}.Debug|Any CPU.ActiveCfg = Debug|Any CPU
		{FAD2ED4F-9F0E-4A89-AAB2-01464C97B972}.Debug|Any CPU.Build.0 = Debug|Any CPU
		{FAD2ED4F-9F0E-4A89-AAB2-01464C97B972}.Debug|ARM.ActiveCfg = Debug|Any CPU
		{FAD2ED4F-9F0E-4A89-AAB2-01464C97B972}.Debug|ARM.Build.0 = Debug|Any CPU
		{FAD2ED4F-9F0E-4A89-AAB2-01464C97B972}.Debug|iPhone.ActiveCfg = Debug|Any CPU
		{FAD2ED4F-9F0E-4A89-AAB2-01464C97B972}.Debug|iPhone.Build.0 = Debug|Any CPU
		{FAD2ED4F-9F0E-4A89-AAB2-01464C97B972}.Debug|iPhoneSimulator.ActiveCfg = Debug|Any CPU
		{FAD2ED4F-9F0E-4A89-AAB2-01464C97B972}.Debug|iPhoneSimulator.Build.0 = Debug|Any CPU
		{FAD2ED4F-9F0E-4A89-AAB2-01464C97B972}.Debug|x64.ActiveCfg = Debug|Any CPU
		{FAD2ED4F-9F0E-4A89-AAB2-01464C97B972}.Debug|x64.Build.0 = Debug|Any CPU
		{FAD2ED4F-9F0E-4A89-AAB2-01464C97B972}.Debug|x86.ActiveCfg = Debug|Any CPU
		{FAD2ED4F-9F0E-4A89-AAB2-01464C97B972}.Debug|x86.Build.0 = Debug|Any CPU
		{FAD2ED4F-9F0E-4A89-AAB2-01464C97B972}.Release|Any CPU.ActiveCfg = Release|Any CPU
		{FAD2ED4F-9F0E-4A89-AAB2-01464C97B972}.Release|Any CPU.Build.0 = Release|Any CPU
		{FAD2ED4F-9F0E-4A89-AAB2-01464C97B972}.Release|ARM.ActiveCfg = Release|Any CPU
		{FAD2ED4F-9F0E-4A89-AAB2-01464C97B972}.Release|ARM.Build.0 = Release|Any CPU
		{FAD2ED4F-9F0E-4A89-AAB2-01464C97B972}.Release|iPhone.ActiveCfg = Release|Any CPU
		{FAD2ED4F-9F0E-4A89-AAB2-01464C97B972}.Release|iPhone.Build.0 = Release|Any CPU
		{FAD2ED4F-9F0E-4A89-AAB2-01464C97B972}.Release|iPhoneSimulator.ActiveCfg = Release|Any CPU
		{FAD2ED4F-9F0E-4A89-AAB2-01464C97B972}.Release|iPhoneSimulator.Build.0 = Release|Any CPU
		{FAD2ED4F-9F0E-4A89-AAB2-01464C97B972}.Release|x64.ActiveCfg = Release|Any CPU
		{FAD2ED4F-9F0E-4A89-AAB2-01464C97B972}.Release|x64.Build.0 = Release|Any CPU
		{FAD2ED4F-9F0E-4A89-AAB2-01464C97B972}.Release|x86.ActiveCfg = Release|Any CPU
		{FAD2ED4F-9F0E-4A89-AAB2-01464C97B972}.Release|x86.Build.0 = Release|Any CPU
	EndGlobalSection
	GlobalSection(SolutionProperties) = preSolution
		HideSolutionNode = FALSE
	EndGlobalSection
	GlobalSection(NestedProjects) = preSolution
		{2E5B704A-36F8-4B68-98EB-73AEAA5F5056} = {31C3FF8D-4712-4958-9C07-9A2D457AFF7C}
		{A229432D-26AD-469E-93F5-486DB1D90466} = {31C3FF8D-4712-4958-9C07-9A2D457AFF7C}
		{ABE842C2-FD7C-4487-BB8B-891F673669A6} = {079819BE-2F6F-47AE-8D51-E93DBCA9B888}
		{F6B9BCA6-6E59-4FD9-A755-EE5A2978EDF5} = {079819BE-2F6F-47AE-8D51-E93DBCA9B888}
		{704F6F66-971D-41FB-AC5E-508BDD16BBC1} = {ABE842C2-FD7C-4487-BB8B-891F673669A6}
		{6F572520-7B7A-4926-8B47-2C27D153A3CD} = {ABE842C2-FD7C-4487-BB8B-891F673669A6}
		{A41B6DB8-D78A-4B19-9020-66959AF59339} = {32124E0E-AFA2-49D2-8E3A-B9BCF02DC1F2}
		{AC3644F8-C818-42BB-9A41-33CAEBB4DB29} = {32124E0E-AFA2-49D2-8E3A-B9BCF02DC1F2}
	EndGlobalSection
	GlobalSection(ExtensibilityGlobals) = postSolution
		SolutionGuid = {47997C26-36B9-41AD-B9E7-741406ABD054}
	EndGlobalSection
EndGlobal
